// !$*UTF8*$!
{
	archiveVersion = 1;
	classes = {
	};
	objectVersion = 46;
	objects = {

/* Begin PBXBuildFile section */
		B80D9D381C0C964E004A1FF6 /* main.m in Sources */ = {isa = PBXBuildFile; fileRef = B80D9D371C0C964E004A1FF6 /* main.m */; };
		B80D9D3B1C0C964E004A1FF6 /* AppDelegate.m in Sources */ = {isa = PBXBuildFile; fileRef = B80D9D3A1C0C964E004A1FF6 /* AppDelegate.m */; };
		B80D9D3E1C0C964E004A1FF6 /* GameScene.m in Sources */ = {isa = PBXBuildFile; fileRef = B80D9D3D1C0C964E004A1FF6 /* GameScene.m */; };
		B80D9D431C0C964E004A1FF6 /* GameViewController.m in Sources */ = {isa = PBXBuildFile; fileRef = B80D9D421C0C964E004A1FF6 /* GameViewController.m */; };
		B80D9D461C0C964E004A1FF6 /* Main.storyboard in Resources */ = {isa = PBXBuildFile; fileRef = B80D9D441C0C964E004A1FF6 /* Main.storyboard */; };
		B80D9D481C0C964E004A1FF6 /* Assets.xcassets in Resources */ = {isa = PBXBuildFile; fileRef = B80D9D471C0C964E004A1FF6 /* Assets.xcassets */; };
		B80D9D4B1C0C964E004A1FF6 /* LaunchScreen.storyboard in Resources */ = {isa = PBXBuildFile; fileRef = B80D9D491C0C964E004A1FF6 /* LaunchScreen.storyboard */; };
		B80D9D551C0C9EF4004A1FF6 /* GimpButton.png in Resources */ = {isa = PBXBuildFile; fileRef = B80D9D541C0C9EF4004A1FF6 /* GimpButton.png */; };
		B80D9D571C0CAAF6004A1FF6 /* SpriteKit.framework in Frameworks */ = {isa = PBXBuildFile; fileRef = B80D9D561C0CAAF6004A1FF6 /* SpriteKit.framework */; };
		B8296FA01C0CBB2A003885D7 /* blueGem.png in Resources */ = {isa = PBXBuildFile; fileRef = B8296F9F1C0CBB2A003885D7 /* blueGem.png */; };
		B8296FA21C0CBC8E003885D7 /* pinkGem.png in Resources */ = {isa = PBXBuildFile; fileRef = B8296FA11C0CBC8E003885D7 /* pinkGem.png */; };
		B8296FA61C0CD86E003885D7 /* spark.png in Resources */ = {isa = PBXBuildFile; fileRef = B8296FA41C0CD86E003885D7 /* spark.png */; };
		B8296FAC1C0CDA95003885D7 /* GameScene.sks in Resources */ = {isa = PBXBuildFile; fileRef = B8296FAB1C0CDA95003885D7 /* GameScene.sks */; };
		B8296FB21C0CE0EB003885D7 /* MyParticle.sks in Resources */ = {isa = PBXBuildFile; fileRef = B8296FB11C0CE0EB003885D7 /* MyParticle.sks */; };
		B82F46371C11F3F00024C0BA /* basketBall bounce.WAV in Resources */ = {isa = PBXBuildFile; fileRef = B82F46361C11F3F00024C0BA /* basketBall bounce.WAV */; };
		B8EE5AF91C10AEF400DC7855 /* hue_ring.png in Resources */ = {isa = PBXBuildFile; fileRef = B8EE5AF81C10AEF400DC7855 /* hue_ring.png */; };
		B8EE5AFB1C10B18D00DC7855 /* parkImage.jpg in Resources */ = {isa = PBXBuildFile; fileRef = B8EE5AFA1C10B18D00DC7855 /* parkImage.jpg */; };
		B8EE5B0B1C10D1A200DC7855 /* hBlackBall.png in Resources */ = {isa = PBXBuildFile; fileRef = B8EE5AFC1C10D1A200DC7855 /* hBlackBall.png */; };
		B8EE5B0C1C10D1A200DC7855 /* hGreenBall.png in Resources */ = {isa = PBXBuildFile; fileRef = B8EE5AFD1C10D1A200DC7855 /* hGreenBall.png */; };
		B8EE5B0D1C10D1A200DC7855 /* hRedBall.png in Resources */ = {isa = PBXBuildFile; fileRef = B8EE5AFE1C10D1A200DC7855 /* hRedBall.png */; };
		B8EE5B0E1C10D1A200DC7855 /* hWhiteBall.png in Resources */ = {isa = PBXBuildFile; fileRef = B8EE5AFF1C10D1A200DC7855 /* hWhiteBall.png */; };
		B8EE5B0F1C10D1A200DC7855 /* hYellowBall.png in Resources */ = {isa = PBXBuildFile; fileRef = B8EE5B001C10D1A200DC7855 /* hYellowBall.png */; };
		B8EE5B101C10D1A200DC7855 /* mBlackBall.png in Resources */ = {isa = PBXBuildFile; fileRef = B8EE5B011C10D1A200DC7855 /* mBlackBall.png */; };
		B8EE5B111C10D1A200DC7855 /* mGreenBall.png in Resources */ = {isa = PBXBuildFile; fileRef = B8EE5B021C10D1A200DC7855 /* mGreenBall.png */; };
		B8EE5B121C10D1A200DC7855 /* mRedBall.png in Resources */ = {isa = PBXBuildFile; fileRef = B8EE5B031C10D1A200DC7855 /* mRedBall.png */; };
		B8EE5B131C10D1A200DC7855 /* mWhiteBall.png in Resources */ = {isa = PBXBuildFile; fileRef = B8EE5B041C10D1A200DC7855 /* mWhiteBall.png */; };
		B8EE5B141C10D1A200DC7855 /* mYellowBall.png in Resources */ = {isa = PBXBuildFile; fileRef = B8EE5B051C10D1A200DC7855 /* mYellowBall.png */; };
		B8EE5B151C10D1A200DC7855 /* sBlackBall.png in Resources */ = {isa = PBXBuildFile; fileRef = B8EE5B061C10D1A200DC7855 /* sBlackBall.png */; };
		B8EE5B161C10D1A200DC7855 /* sGreenBall.png in Resources */ = {isa = PBXBuildFile; fileRef = B8EE5B071C10D1A200DC7855 /* sGreenBall.png */; };
		B8EE5B171C10D1A200DC7855 /* sRedBall.png in Resources */ = {isa = PBXBuildFile; fileRef = B8EE5B081C10D1A200DC7855 /* sRedBall.png */; };
		B8EE5B181C10D1A200DC7855 /* sWhiteBall.png in Resources */ = {isa = PBXBuildFile; fileRef = B8EE5B091C10D1A200DC7855 /* sWhiteBall.png */; };
		B8EE5B191C10D1A200DC7855 /* sYellowBall.png in Resources */ = {isa = PBXBuildFile; fileRef = B8EE5B0A1C10D1A200DC7855 /* sYellowBall.png */; };
/* End PBXBuildFile section */

/* Begin PBXFileReference section */
		B80D9D331C0C964D004A1FF6 /* CatchyCool.app */ = {isa = PBXFileReference; explicitFileType = wrapper.application; includeInIndex = 0; path = CatchyCool.app; sourceTree = BUILT_PRODUCTS_DIR; };
		B80D9D371C0C964E004A1FF6 /* main.m */ = {isa = PBXFileReference; lastKnownFileType = sourcecode.c.objc; path = main.m; sourceTree = "<group>"; };
		B80D9D391C0C964E004A1FF6 /* AppDelegate.h */ = {isa = PBXFileReference; lastKnownFileType = sourcecode.c.h; path = AppDelegate.h; sourceTree = "<group>"; };
		B80D9D3A1C0C964E004A1FF6 /* AppDelegate.m */ = {isa = PBXFileReference; lastKnownFileType = sourcecode.c.objc; path = AppDelegate.m; sourceTree = "<group>"; };
		B80D9D3C1C0C964E004A1FF6 /* GameScene.h */ = {isa = PBXFileReference; lastKnownFileType = sourcecode.c.h; path = GameScene.h; sourceTree = "<group>"; };
		B80D9D3D1C0C964E004A1FF6 /* GameScene.m */ = {isa = PBXFileReference; lastKnownFileType = sourcecode.c.objc; path = GameScene.m; sourceTree = "<group>"; };
		B80D9D411C0C964E004A1FF6 /* GameViewController.h */ = {isa = PBXFileReference; lastKnownFileType = sourcecode.c.h; path = GameViewController.h; sourceTree = "<group>"; };
		B80D9D421C0C964E004A1FF6 /* GameViewController.m */ = {isa = PBXFileReference; lastKnownFileType = sourcecode.c.objc; path = GameViewController.m; sourceTree = "<group>"; };
		B80D9D451C0C964E004A1FF6 /* Base */ = {isa = PBXFileReference; lastKnownFileType = file.storyboard; name = Base; path = Base.lproj/Main.storyboard; sourceTree = "<group>"; };
		B80D9D471C0C964E004A1FF6 /* Assets.xcassets */ = {isa = PBXFileReference; lastKnownFileType = folder.assetcatalog; path = Assets.xcassets; sourceTree = "<group>"; };
		B80D9D4A1C0C964E004A1FF6 /* Base */ = {isa = PBXFileReference; lastKnownFileType = file.storyboard; name = Base; path = Base.lproj/LaunchScreen.storyboard; sourceTree = "<group>"; };
		B80D9D4C1C0C964E004A1FF6 /* Info.plist */ = {isa = PBXFileReference; lastKnownFileType = text.plist.xml; path = Info.plist; sourceTree = "<group>"; };
		B80D9D541C0C9EF4004A1FF6 /* GimpButton.png */ = {isa = PBXFileReference; lastKnownFileType = image.png; path = GimpButton.png; sourceTree = "<group>"; };
		B80D9D561C0CAAF6004A1FF6 /* SpriteKit.framework */ = {isa = PBXFileReference; lastKnownFileType = wrapper.framework; name = SpriteKit.framework; path = System/Library/Frameworks/SpriteKit.framework; sourceTree = SDKROOT; };
		B8296F9F1C0CBB2A003885D7 /* blueGem.png */ = {isa = PBXFileReference; lastKnownFileType = image.png; path = blueGem.png; sourceTree = "<group>"; };
		B8296FA11C0CBC8E003885D7 /* pinkGem.png */ = {isa = PBXFileReference; lastKnownFileType = image.png; path = pinkGem.png; sourceTree = "<group>"; };
		B8296FA41C0CD86E003885D7 /* spark.png */ = {isa = PBXFileReference; lastKnownFileType = image.png; path = spark.png; sourceTree = "<group>"; };
		B8296FAB1C0CDA95003885D7 /* GameScene.sks */ = {isa = PBXFileReference; lastKnownFileType = file.sks; path = GameScene.sks; sourceTree = "<group>"; };
		B8296FB11C0CE0EB003885D7 /* MyParticle.sks */ = {isa = PBXFileReference; lastKnownFileType = file.sks; path = MyParticle.sks; sourceTree = "<group>"; };
		B82F46361C11F3F00024C0BA /* basketBall bounce.WAV */ = {isa = PBXFileReference; lastKnownFileType = audio.wav; path = "basketBall bounce.WAV"; sourceTree = "<group>"; };
		B8EE5AF81C10AEF400DC7855 /* hue_ring.png */ = {isa = PBXFileReference; lastKnownFileType = image.png; path = hue_ring.png; sourceTree = "<group>"; };
		B8EE5AFA1C10B18D00DC7855 /* parkImage.jpg */ = {isa = PBXFileReference; lastKnownFileType = image.jpeg; path = parkImage.jpg; sourceTree = "<group>"; };
		B8EE5AFC1C10D1A200DC7855 /* hBlackBall.png */ = {isa = PBXFileReference; lastKnownFileType = image.png; path = hBlackBall.png; sourceTree = "<group>"; };
		B8EE5AFD1C10D1A200DC7855 /* hGreenBall.png */ = {isa = PBXFileReference; lastKnownFileType = image.png; path = hGreenBall.png; sourceTree = "<group>"; };
		B8EE5AFE1C10D1A200DC7855 /* hRedBall.png */ = {isa = PBXFileReference; lastKnownFileType = image.png; path = hRedBall.png; sourceTree = "<group>"; };
		B8EE5AFF1C10D1A200DC7855 /* hWhiteBall.png */ = {isa = PBXFileReference; lastKnownFileType = image.png; path = hWhiteBall.png; sourceTree = "<group>"; };
		B8EE5B001C10D1A200DC7855 /* hYellowBall.png */ = {isa = PBXFileReference; lastKnownFileType = image.png; path = hYellowBall.png; sourceTree = "<group>"; };
		B8EE5B011C10D1A200DC7855 /* mBlackBall.png */ = {isa = PBXFileReference; lastKnownFileType = image.png; path = mBlackBall.png; sourceTree = "<group>"; };
		B8EE5B021C10D1A200DC7855 /* mGreenBall.png */ = {isa = PBXFileReference; lastKnownFileType = image.png; path = mGreenBall.png; sourceTree = "<group>"; };
		B8EE5B031C10D1A200DC7855 /* mRedBall.png */ = {isa = PBXFileReference; lastKnownFileType = image.png; path = mRedBall.png; sourceTree = "<group>"; };
		B8EE5B041C10D1A200DC7855 /* mWhiteBall.png */ = {isa = PBXFileReference; lastKnownFileType = image.png; path = mWhiteBall.png; sourceTree = "<group>"; };
		B8EE5B051C10D1A200DC7855 /* mYellowBall.png */ = {isa = PBXFileReference; lastKnownFileType = image.png; path = mYellowBall.png; sourceTree = "<group>"; };
		B8EE5B061C10D1A200DC7855 /* sBlackBall.png */ = {isa = PBXFileReference; lastKnownFileType = image.png; path = sBlackBall.png; sourceTree = "<group>"; };
		B8EE5B071C10D1A200DC7855 /* sGreenBall.png */ = {isa = PBXFileReference; lastKnownFileType = image.png; path = sGreenBall.png; sourceTree = "<group>"; };
		B8EE5B081C10D1A200DC7855 /* sRedBall.png */ = {isa = PBXFileReference; lastKnownFileType = image.png; path = sRedBall.png; sourceTree = "<group>"; };
		B8EE5B091C10D1A200DC7855 /* sWhiteBall.png */ = {isa = PBXFileReference; lastKnownFileType = image.png; path = sWhiteBall.png; sourceTree = "<group>"; };
		B8EE5B0A1C10D1A200DC7855 /* sYellowBall.png */ = {isa = PBXFileReference; lastKnownFileType = image.png; path = sYellowBall.png; sourceTree = "<group>"; };
/* End PBXFileReference section */

/* Begin PBXFrameworksBuildPhase section */
		B80D9D301C0C964D004A1FF6 /* Frameworks */ = {
			isa = PBXFrameworksBuildPhase;
			buildActionMask = 2147483647;
			files = (
				B80D9D571C0CAAF6004A1FF6 /* SpriteKit.framework in Frameworks */,
			);
			runOnlyForDeploymentPostprocessing = 0;
		};
/* End PBXFrameworksBuildPhase section */

/* Begin PBXGroup section */
		B80D9D2A1C0C964D004A1FF6 = {
			isa = PBXGroup;
			children = (
				B80D9D561C0CAAF6004A1FF6 /* SpriteKit.framework */,
				B80D9D351C0C964D004A1FF6 /* CatchyCool */,
				B80D9D341C0C964D004A1FF6 /* Products */,
			);
			sourceTree = "<group>";
		};
		B80D9D341C0C964D004A1FF6 /* Products */ = {
			isa = PBXGroup;
			children = (
				B80D9D331C0C964D004A1FF6 /* CatchyCool.app */,
			);
			name = Products;
			sourceTree = "<group>";
		};
		B80D9D351C0C964D004A1FF6 /* CatchyCool */ = {
			isa = PBXGroup;
			children = (
				B80D9D391C0C964E004A1FF6 /* AppDelegate.h */,
				B80D9D3A1C0C964E004A1FF6 /* AppDelegate.m */,
				B80D9D3C1C0C964E004A1FF6 /* GameScene.h */,
				B80D9D3D1C0C964E004A1FF6 /* GameScene.m */,
				B8296FAB1C0CDA95003885D7 /* GameScene.sks */,
				B8296FB11C0CE0EB003885D7 /* MyParticle.sks */,
				B82F46361C11F3F00024C0BA /* basketBall bounce.WAV */,
				B80D9D411C0C964E004A1FF6 /* GameViewController.h */,
				B80D9D421C0C964E004A1FF6 /* GameViewController.m */,
				B8EE5B1A1C10D1B200DC7855 /* Images */,
				B80D9D471C0C964E004A1FF6 /* Assets.xcassets */,
				B80D9D491C0C964E004A1FF6 /* LaunchScreen.storyboard */,
				B80D9D4C1C0C964E004A1FF6 /* Info.plist */,
				B80D9D361C0C964E004A1FF6 /* Supporting Files */,
			);
			path = CatchyCool;
			sourceTree = "<group>";
		};
		B80D9D361C0C964E004A1FF6 /* Supporting Files */ = {
			isa = PBXGroup;
			children = (
				B80D9D371C0C964E004A1FF6 /* main.m */,
			);
			name = "Supporting Files";
			sourceTree = "<group>";
		};
		B8EE5B1A1C10D1B200DC7855 /* Images */ = {
			isa = PBXGroup;
			children = (
				B8296FA41C0CD86E003885D7 /* spark.png */,
				B8EE5AF81C10AEF400DC7855 /* hue_ring.png */,
				B80D9D541C0C9EF4004A1FF6 /* GimpButton.png */,
				B8EE5AFA1C10B18D00DC7855 /* parkImage.jpg */,
				B8296F9F1C0CBB2A003885D7 /* blueGem.png */,
				B8296FA11C0CBC8E003885D7 /* pinkGem.png */,
				B8EE5AFC1C10D1A200DC7855 /* hBlackBall.png */,
				B8EE5AFD1C10D1A200DC7855 /* hGreenBall.png */,
				B8EE5AFE1C10D1A200DC7855 /* hRedBall.png */,
				B8EE5AFF1C10D1A200DC7855 /* hWhiteBall.png */,
				B8EE5B001C10D1A200DC7855 /* hYellowBall.png */,
				B8EE5B011C10D1A200DC7855 /* mBlackBall.png */,
				B8EE5B021C10D1A200DC7855 /* mGreenBall.png */,
				B8EE5B031C10D1A200DC7855 /* mRedBall.png */,
				B8EE5B041C10D1A200DC7855 /* mWhiteBall.png */,
				B8EE5B051C10D1A200DC7855 /* mYellowBall.png */,
				B8EE5B061C10D1A200DC7855 /* sBlackBall.png */,
				B8EE5B071C10D1A200DC7855 /* sGreenBall.png */,
				B8EE5B081C10D1A200DC7855 /* sRedBall.png */,
				B8EE5B091C10D1A200DC7855 /* sWhiteBall.png */,
				B8EE5B0A1C10D1A200DC7855 /* sYellowBall.png */,
				B80D9D441C0C964E004A1FF6 /* Main.storyboard */,
			);
			name = Images;
			sourceTree = "<group>";
		};
/* End PBXGroup section */

/* Begin PBXNativeTarget section */
		B80D9D321C0C964D004A1FF6 /* CatchyCool */ = {
			isa = PBXNativeTarget;
			buildConfigurationList = B80D9D4F1C0C964E004A1FF6 /* Build configuration list for PBXNativeTarget "CatchyCool" */;
			buildPhases = (
				B80D9D2F1C0C964D004A1FF6 /* Sources */,
				B80D9D301C0C964D004A1FF6 /* Frameworks */,
				B80D9D311C0C964D004A1FF6 /* Resources */,
			);
			buildRules = (
			);
			dependencies = (
			);
			name = CatchyCool;
			productName = CatchyCool;
			productReference = B80D9D331C0C964D004A1FF6 /* CatchyCool.app */;
			productType = "com.apple.product-type.application";
		};
/* End PBXNativeTarget section */

/* Begin PBXProject section */
		B80D9D2B1C0C964D004A1FF6 /* Project object */ = {
			isa = PBXProject;
			attributes = {
				LastUpgradeCheck = 0710;
				ORGANIZATIONNAME = "Venkata Maniteja";
				TargetAttributes = {
					B80D9D321C0C964D004A1FF6 = {
						CreatedOnToolsVersion = 7.1.1;
					};
				};
			};
			buildConfigurationList = B80D9D2E1C0C964D004A1FF6 /* Build configuration list for PBXProject "CatchyCool" */;
			compatibilityVersion = "Xcode 3.2";
			developmentRegion = English;
			hasScannedForEncodings = 0;
			knownRegions = (
				en,
				Base,
			);
			mainGroup = B80D9D2A1C0C964D004A1FF6;
			productRefGroup = B80D9D341C0C964D004A1FF6 /* Products */;
			projectDirPath = "";
			projectRoot = "";
			targets = (
				B80D9D321C0C964D004A1FF6 /* CatchyCool */,
			);
		};
/* End PBXProject section */

/* Begin PBXResourcesBuildPhase section */
		B80D9D311C0C964D004A1FF6 /* Resources */ = {
			isa = PBXResourcesBuildPhase;
			buildActionMask = 2147483647;
			files = (
				B8EE5B171C10D1A200DC7855 /* sRedBall.png in Resources */,
				B8EE5B121C10D1A200DC7855 /* mRedBall.png in Resources */,
				B8EE5B191C10D1A200DC7855 /* sYellowBall.png in Resources */,
				B8EE5B101C10D1A200DC7855 /* mBlackBall.png in Resources */,
				B8EE5B131C10D1A200DC7855 /* mWhiteBall.png in Resources */,
				B8296FA61C0CD86E003885D7 /* spark.png in Resources */,
				B8EE5B0F1C10D1A200DC7855 /* hYellowBall.png in Resources */,
				B8EE5B0B1C10D1A200DC7855 /* hBlackBall.png in Resources */,
				B80D9D551C0C9EF4004A1FF6 /* GimpButton.png in Resources */,
				B8296FA21C0CBC8E003885D7 /* pinkGem.png in Resources */,
				B8EE5B151C10D1A200DC7855 /* sBlackBall.png in Resources */,
				B82F46371C11F3F00024C0BA /* basketBall bounce.WAV in Resources */,
				B8EE5B181C10D1A200DC7855 /* sWhiteBall.png in Resources */,
				B8EE5B141C10D1A200DC7855 /* mYellowBall.png in Resources */,
				B8EE5B111C10D1A200DC7855 /* mGreenBall.png in Resources */,
				B80D9D4B1C0C964E004A1FF6 /* LaunchScreen.storyboard in Resources */,
				B8EE5B0D1C10D1A200DC7855 /* hRedBall.png in Resources */,
				B8EE5AF91C10AEF400DC7855 /* hue_ring.png in Resources */,
				B8296FB21C0CE0EB003885D7 /* MyParticle.sks in Resources */,
				B8296FA01C0CBB2A003885D7 /* blueGem.png in Resources */,
				B8EE5B0E1C10D1A200DC7855 /* hWhiteBall.png in Resources */,
				B80D9D481C0C964E004A1FF6 /* Assets.xcassets in Resources */,
				B8296FAC1C0CDA95003885D7 /* GameScene.sks in Resources */,
				B80D9D461C0C964E004A1FF6 /* Main.storyboard in Resources */,
				B8EE5AFB1C10B18D00DC7855 /* parkImage.jpg in Resources */,
				B8EE5B161C10D1A200DC7855 /* sGreenBall.png in Resources */,
				B8EE5B0C1C10D1A200DC7855 /* hGreenBall.png in Resources */,
			);
			runOnlyForDeploymentPostprocessing = 0;
		};
/* End PBXResourcesBuildPhase section */

/* Begin PBXSourcesBuildPhase section */
		B80D9D2F1C0C964D004A1FF6 /* Sources */ = {
			isa = PBXSourcesBuildPhase;
			buildActionMask = 2147483647;
			files = (
				B80D9D431C0C964E004A1FF6 /* GameViewController.m in Sources */,
				B80D9D3B1C0C964E004A1FF6 /* AppDelegate.m in Sources */,
				B80D9D3E1C0C964E004A1FF6 /* GameScene.m in Sources */,
				B80D9D381C0C964E004A1FF6 /* main.m in Sources */,
			);
			runOnlyForDeploymentPostprocessing = 0;
		};
/* End PBXSourcesBuildPhase section */

/* Begin PBXVariantGroup section */
		B80D9D441C0C964E004A1FF6 /* Main.storyboard */ = {
			isa = PBXVariantGroup;
			children = (
				B80D9D451C0C964E004A1FF6 /* Base */,
			);
			name = Main.storyboard;
			sourceTree = "<group>";
		};
		B80D9D491C0C964E004A1FF6 /* LaunchScreen.storyboard */ = {
			isa = PBXVariantGroup;
			children = (
				B80D9D4A1C0C964E004A1FF6 /* Base */,
			);
			name = LaunchScreen.storyboard;
			sourceTree = "<group>";
		};
/* End PBXVariantGroup section */

/* Begin XCBuildConfiguration section */
		B80D9D4D1C0C964E004A1FF6 /* Debug */ = {
			isa = XCBuildConfiguration;
			buildSettings = {
				ALWAYS_SEARCH_USER_PATHS = NO;
				CLANG_CXX_LANGUAGE_STANDARD = "gnu++0x";
				CLANG_CXX_LIBRARY = "libc++";
				CLANG_ENABLE_MODULES = YES;
				CLANG_ENABLE_OBJC_ARC = YES;
				CLANG_WARN_BOOL_CONVERSION = YES;
				CLANG_WARN_CONSTANT_CONVERSION = YES;
				CLANG_WARN_DIRECT_OBJC_ISA_USAGE = YES_ERROR;
				CLANG_WARN_EMPTY_BODY = YES;
				CLANG_WARN_ENUM_CONVERSION = YES;
				CLANG_WARN_INT_CONVERSION = YES;
				CLANG_WARN_OBJC_ROOT_CLASS = YES_ERROR;
				CLANG_WARN_UNREACHABLE_CODE = YES;
				CLANG_WARN__DUPLICATE_METHOD_MATCH = YES;
				"CODE_SIGN_IDENTITY[sdk=iphoneos*]" = "iPhone Developer";
				COPY_PHASE_STRIP = NO;
				DEBUG_INFORMATION_FORMAT = "dwarf-with-dsym";
				ENABLE_STRICT_OBJC_MSGSEND = YES;
				ENABLE_TESTABILITY = YES;
				GCC_C_LANGUAGE_STANDARD = gnu99;
				GCC_DYNAMIC_NO_PIC = NO;
				GCC_NO_COMMON_BLOCKS = YES;
				GCC_OPTIMIZATION_LEVEL = 0;
				GCC_PREPROCESSOR_DEFINITIONS = (
					"DEBUG=1",
					"$(inherited)",
				);
				GCC_WARN_64_TO_32_BIT_CONVERSION = YES;
				GCC_WARN_ABOUT_RETURN_TYPE = YES_ERROR;
				GCC_WARN_UNDECLARED_SELECTOR = YES;
				GCC_WARN_UNINITIALIZED_AUTOS = YES_AGGRESSIVE;
				GCC_WARN_UNUSED_FUNCTION = YES;
				GCC_WARN_UNUSED_VARIABLE = YES;
				IPHONEOS_DEPLOYMENT_TARGET = 9.1;
				MTL_ENABLE_DEBUG_INFO = YES;
				ONLY_ACTIVE_ARCH = YES;
				SDKROOT = iphoneos;
			};
			name = Debug;
		};
		B80D9D4E1C0C964E004A1FF6 /* Release */ = {
			isa = XCBuildConfiguration;
			buildSettings = {
				ALWAYS_SEARCH_USER_PATHS = NO;
				CLANG_CXX_LANGUAGE_STANDARD = "gnu++0x";
				CLANG_CXX_LIBRARY = "libc++";
				CLANG_ENABLE_MODULES = YES;
				CLANG_ENABLE_OBJC_ARC = YES;
				CLANG_WARN_BOOL_CONVERSION = YES;
				CLANG_WARN_CONSTANT_CONVERSION = YES;
				CLANG_WARN_DIRECT_OBJC_ISA_USAGE = YES_ERROR;
				CLANG_WARN_EMPTY_BODY = YES;
				CLANG_WARN_ENUM_CONVERSION = YES;
				CLANG_WARN_INT_CONVERSION = YES;
				CLANG_WARN_OBJC_ROOT_CLASS = YES_ERROR;
				CLANG_WARN_UNREACHABLE_CODE = YES;
				CLANG_WARN__DUPLICATE_METHOD_MATCH = YES;
				"CODE_SIGN_IDENTITY[sdk=iphoneos*]" = "iPhone Developer";
				COPY_PHASE_STRIP = NO;
				DEBUG_INFORMATION_FORMAT = "dwarf-with-dsym";
				ENABLE_NS_ASSERTIONS = NO;
				ENABLE_STRICT_OBJC_MSGSEND = YES;
				GCC_C_LANGUAGE_STANDARD = gnu99;
				GCC_NO_COMMON_BLOCKS = YES;
				GCC_WARN_64_TO_32_BIT_CONVERSION = YES;
				GCC_WARN_ABOUT_RETURN_TYPE = YES_ERROR;
				GCC_WARN_UNDECLARED_SELECTOR = YES;
				GCC_WARN_UNINITIALIZED_AUTOS = YES_AGGRESSIVE;
				GCC_WARN_UNUSED_FUNCTION = YES;
				GCC_WARN_UNUSED_VARIABLE = YES;
				IPHONEOS_DEPLOYMENT_TARGET = 9.1;
				MTL_ENABLE_DEBUG_INFO = NO;
				SDKROOT = iphoneos;
				VALIDATE_PRODUCT = YES;
			};
			name = Release;
		};
		B80D9D501C0C964E004A1FF6 /* Debug */ = {
			isa = XCBuildConfiguration;
			buildSettings = {
				ASSETCATALOG_COMPILER_APPICON_NAME = AppIcon;
				INFOPLIST_FILE = CatchyCool/Info.plist;
				LD_RUNPATH_SEARCH_PATHS = "$(inherited) @executable_path/Frameworks";
				PRODUCT_BUNDLE_IDENTIFIER = VenkataManiteja.CatchyCool;
				PRODUCT_NAME = "$(TARGET_NAME)";
			};
			name = Debug;
		};
		B80D9D511C0C964E004A1FF6 /* Release */ = {
			isa = XCBuildConfiguration;
			buildSettings = {
				ASSETCATALOG_COMPILER_APPICON_NAME = AppIcon;
				INFOPLIST_FILE = CatchyCool/Info.plist;
				LD_RUNPATH_SEARCH_PATHS = "$(inherited) @executable_path/Frameworks";
				PRODUCT_BUNDLE_IDENTIFIER = VenkataManiteja.CatchyCool;
				PRODUCT_NAME = "$(TARGET_NAME)";
			};
			name = Release;
		};
/* End XCBuildConfiguration section */

/* Begin XCConfigurationList section */
		B80D9D2E1C0C964D004A1FF6 /* Build configuration list for PBXProject "CatchyCool" */ = {
			isa = XCConfigurationList;
			buildConfigurations = (
				B80D9D4D1C0C964E004A1FF6 /* Debug */,
				B80D9D4E1C0C964E004A1FF6 /* Release */,
			);
			defaultConfigurationIsVisible = 0;
			defaultConfigurationName = Release;
		};
		B80D9D4F1C0C964E004A1FF6 /* Build configuration list for PBXNativeTarget "CatchyCool" */ = {
			isa = XCConfigurationList;
			buildConfigurations = (
				B80D9D501C0C964E004A1FF6 /* Debug */,
				B80D9D511C0C964E004A1FF6 /* Release */,
			);
			defaultConfigurationIsVisible = 0;
			defaultConfigurationName = Release;
		};
/* End XCConfigurationList section */
	};
	rootObject = B80D9D2B1C0C964D004A1FF6 /* Project object */;
}
